
Microsoft Visual Studio Solution File, Format Version 12.00
# Visual Studio Version 17
VisualStudioVersion = 17.12.35707.178 d17.12
MinimumVisualStudioVersion = 10.0.40219.1
Project("{8BC9CEB8-8B4A-11D0-8D11-00A0C91BC942}") = "Core", "Core\Core.vcxproj", "{4B1366E6-85A5-4447-920F-C18CAD4EB6E4}"
EndProject
Project("{8BC9CEB8-8B4A-11D0-8D11-00A0C91BC942}") = "Engine", "Engine\Engine.vcxproj", "{37680D2A-EEF7-416D-A857-FBA8C816EE76}"
	ProjectSection(ProjectDependencies) = postProject
		{058F3D2E-1B72-4BE3-B4DE-8B6EF0DEA3FF} = {058F3D2E-1B72-4BE3-B4DE-8B6EF0DEA3FF}
		{C3A36473-B554-40FA-97C1-6EECCA758AB7} = {C3A36473-B554-40FA-97C1-6EECCA758AB7}
		{4B1366E6-85A5-4447-920F-C18CAD4EB6E4} = {4B1366E6-85A5-4447-920F-C18CAD4EB6E4}
	EndProjectSection
EndProject
Project("{8BC9CEB8-8B4A-11D0-8D11-00A0C91BC942}") = "RenderOpenGL", "RenderOpenGL\RenderOpenGL.vcxproj", "{C3A36473-B554-40FA-97C1-6EECCA758AB7}"
	ProjectSection(ProjectDependencies) = postProject
		{4B1366E6-85A5-4447-920F-C18CAD4EB6E4} = {4B1366E6-85A5-4447-920F-C18CAD4EB6E4}
	EndProjectSection
EndProject
Project("{8BC9CEB8-8B4A-11D0-8D11-00A0C91BC942}") = "Kinematics", "Kinematics\Kinematics.vcxproj", "{058F3D2E-1B72-4BE3-B4DE-8B6EF0DEA3FF}"
	ProjectSection(ProjectDependencies) = postProject
		{4B1366E6-85A5-4447-920F-C18CAD4EB6E4} = {4B1366E6-85A5-4447-920F-C18CAD4EB6E4}
	EndProjectSection
EndProject
Global
	GlobalSection(SolutionConfigurationPlatforms) = preSolution
		Debug|x64 = Debug|x64
		Debug|x86 = Debug|x86
		Release|x64 = Release|x64
		Release|x86 = Release|x86
	EndGlobalSection
	GlobalSection(ProjectConfigurationPlatforms) = postSolution
		{4B1366E6-85A5-4447-920F-C18CAD4EB6E4}.Debug|x64.ActiveCfg = Debug|x64
		{4B1366E6-85A5-4447-920F-C18CAD4EB6E4}.Debug|x64.Build.0 = Debug|x64
		{4B1366E6-85A5-4447-920F-C18CAD4EB6E4}.Debug|x86.ActiveCfg = Debug|Win32
		{4B1366E6-85A5-4447-920F-C18CAD4EB6E4}.Debug|x86.Build.0 = Debug|Win32
		{4B1366E6-85A5-4447-920F-C18CAD4EB6E4}.Release|x64.ActiveCfg = Release|x64
		{4B1366E6-85A5-4447-920F-C18CAD4EB6E4}.Release|x64.Build.0 = Release|x64
		{4B1366E6-85A5-4447-920F-C18CAD4EB6E4}.Release|x86.ActiveCfg = Release|Win32
		{4B1366E6-85A5-4447-920F-C18CAD4EB6E4}.Release|x86.Build.0 = Release|Win32
		{37680D2A-EEF7-416D-A857-FBA8C816EE76}.Debug|x64.ActiveCfg = Debug|x64
		{37680D2A-EEF7-416D-A857-FBA8C816EE76}.Debug|x64.Build.0 = Debug|x64
		{37680D2A-EEF7-416D-A857-FBA8C816EE76}.Debug|x86.ActiveCfg = Debug|Win32
		{37680D2A-EEF7-416D-A857-FBA8C816EE76}.Debug|x86.Build.0 = Debug|Win32
		{37680D2A-EEF7-416D-A857-FBA8C816EE76}.Release|x64.ActiveCfg = Release|x64
		{37680D2A-EEF7-416D-A857-FBA8C816EE76}.Release|x64.Build.0 = Release|x64
		{37680D2A-EEF7-416D-A857-FBA8C816EE76}.Release|x86.ActiveCfg = Release|Win32
		{37680D2A-EEF7-416D-A857-FBA8C816EE76}.Release|x86.Build.0 = Release|Win32
		{C3A36473-B554-40FA-97C1-6EECCA758AB7}.Debug|x64.ActiveCfg = Debug|x64
		{C3A36473-B554-40FA-97C1-6EECCA758AB7}.Debug|x64.Build.0 = Debug|x64
		{C3A36473-B554-40FA-97C1-6EECCA758AB7}.Debug|x86.ActiveCfg = Debug|Win32
		{C3A36473-B554-40FA-97C1-6EECCA758AB7}.Debug|x86.Build.0 = Debug|Win32
		{C3A36473-B554-40FA-97C1-6EECCA758AB7}.Release|x64.ActiveCfg = Release|x64
		{C3A36473-B554-40FA-97C1-6EECCA758AB7}.Release|x64.Build.0 = Release|x64
		{C3A36473-B554-40FA-97C1-6EECCA758AB7}.Release|x86.ActiveCfg = Release|Win32
		{C3A36473-B554-40FA-97C1-6EECCA758AB7}.Release|x86.Build.0 = Release|Win32
		{058F3D2E-1B72-4BE3-B4DE-8B6EF0DEA3FF}.Debug|x64.ActiveCfg = Debug|x64
		{058F3D2E-1B72-4BE3-B4DE-8B6EF0DEA3FF}.Debug|x64.Build.0 = Debug|x64
		{058F3D2E-1B72-4BE3-B4DE-8B6EF0DEA3FF}.Debug|x86.ActiveCfg = Debug|Win32
		{058F3D2E-1B72-4BE3-B4DE-8B6EF0DEA3FF}.Debug|x86.Build.0 = Debug|Win32
		{058F3D2E-1B72-4BE3-B4DE-8B6EF0DEA3FF}.Release|x64.ActiveCfg = Release|x64
		{058F3D2E-1B72-4BE3-B4DE-8B6EF0DEA3FF}.Release|x64.Build.0 = Release|x64
		{058F3D2E-1B72-4BE3-B4DE-8B6EF0DEA3FF}.Release|x86.ActiveCfg = Release|Win32
		{058F3D2E-1B72-4BE3-B4DE-8B6EF0DEA3FF}.Release|x86.Build.0 = Release|Win32
	EndGlobalSection
	GlobalSection(SolutionProperties) = preSolution
		HideSolutionNode = FALSE
	EndGlobalSection
	GlobalSection(ExtensibilityGlobals) = postSolution
		SolutionGuid = {36BF07F3-230C-4269-B36B-9B76AF86F80A}
	EndGlobalSection
EndGlobal
