<?xml version="1.0" encoding="utf-8"?>
<Project ToolsVersion="4.0" xmlns="http://schemas.microsoft.com/developer/msbuild/2003">
  <ItemGroup>
    <Filter Include="Source Files">
      <UniqueIdentifier>{4FC737F1-C7A5-4376-A066-2A32D752A2FF}</UniqueIdentifier>
      <Extensions>cpp;c;cc;cxx;c++;cppm;ixx;def;odl;idl;hpj;bat;asm;asmx</Extensions>
    </Filter>
    <Filter Include="Header Files">
      <UniqueIdentifier>{93995380-89BD-4b04-88EB-625FBE52EBFB}</UniqueIdentifier>
      <Extensions>h;hh;hpp;hxx;h++;hm;inl;inc;ipp;xsd</Extensions>
    </Filter>
    <Filter Include="Resource Files">
      <UniqueIdentifier>{67DA6AB6-F800-4c08-8B7A-83BB121AAD01}</UniqueIdentifier>
      <Extensions>rc;ico;cur;bmp;dlg;rc2;rct;bin;rgs;gif;jpg;jpeg;jpe;resx;tiff;tif;png;wav;mfcribbon-ms</Extensions>
    </Filter>
    <Filter Include="Levels">
      <UniqueIdentifier>{69adf801-031e-45d9-b98c-c15c9c9b8871}</UniqueIdentifier>
    </Filter>
    <Filter Include="Behaviors">
      <UniqueIdentifier>{681d55a4-3d0d-4edc-b947-136a28bc923d}</UniqueIdentifier>
    </Filter>
    <Filter Include="Tools">
      <UniqueIdentifier>{d402ccfa-daaa-4896-b2d5-619e464cb5fd}</UniqueIdentifier>
    </Filter>
  </ItemGroup>
  <ItemGroup>
    <ClCompile Include="main.cpp">
      <Filter>Source Files</Filter>
    </ClCompile>
    <ClCompile Include="LevelA.cpp">
      <Filter>Levels</Filter>
    </ClCompile>
    <ClCompile Include="PlayerBehavior.cpp">
      <Filter>Behaviors</Filter>
    </ClCompile>
    <ClCompile Include="ProjectileBehavior.cpp">
      <Filter>Behaviors</Filter>
    </ClCompile>
    <ClCompile Include="LevelB.cpp">
      <Filter>Levels</Filter>
    </ClCompile>
    <ClCompile Include="LevelZ.cpp">
      <Filter>Levels</Filter>
    </ClCompile>
    <ClCompile Include="LevelT.cpp">
      <Filter>Levels</Filter>
    </ClCompile>
    <ClCompile Include="ShrinkandKill.cpp">
      <Filter>Behaviors</Filter>
    </ClCompile>
    <ClCompile Include="ReadWriteTools.cpp">
      <Filter>Tools</Filter>
    </ClCompile>
  </ItemGroup>
  <ItemGroup>
    <ClInclude Include="LevelA.h">
      <Filter>Levels</Filter>
    </ClInclude>
    <ClInclude Include="PlayerBehavior.h">
      <Filter>Behaviors</Filter>
    </ClInclude>
    <ClInclude Include="ProjectileBehavior.h">
      <Filter>Behaviors</Filter>
    </ClInclude>
    <ClInclude Include="LevelB.h">
      <Filter>Levels</Filter>
    </ClInclude>
    <ClInclude Include="LevelZ.h">
      <Filter>Levels</Filter>
    </ClInclude>
    <ClInclude Include="LevelT.h">
      <Filter>Levels</Filter>
    </ClInclude>
    <ClInclude Include="ShrinkAndKill.h">
      <Filter>Behaviors</Filter>
    </ClInclude>
    <ClInclude Include="ReadWriteTools.h">
      <Filter>Tools</Filter>
    </ClInclude>
  </ItemGroup>
</Project>